
Microsoft Visual Studio Solution File, Format Version 12.00
# Visual Studio 15
VisualStudioVersion = 15.0.27703.2026
MinimumVisualStudioVersion = 10.0.40219.1
Project("{FAE04EC0-301F-11D3-BF4B-00C04F79EFBC}") = "CRUD_Razor_2_1", "CRUD_Razor_2_1\CRUD_Razor_2_1.csproj", "{92DE3B59-E5F1-41AD-B5A6-7884649F922A}"
EndProject
Global
	GlobalSection(SolutionConfigurationPlatforms) = preSolution
		Debug|Any CPU = Debug|Any CPU
		Release|Any CPU = Release|Any CPU
	EndGlobalSection
	GlobalSection(ProjectConfigurationPlatforms) = postSolution
		{92DE3B59-E5F1-41AD-B5A6-7884649F922A}.Debug|Any CPU.ActiveCfg = Debug|Any CPU
		{92DE3B59-E5F1-41AD-B5A6-7884649F922A}.Debug|Any CPU.Build.0 = Debug|Any CPU
		{92DE3B59-E5F1-41AD-B5A6-7884649F922A}.Release|Any CPU.ActiveCfg = Release|Any CPU
		{92DE3B59-E5F1-41AD-B5A6-7884649F922A}.Release|Any CPU.Build.0 = Release|Any CPU
	EndGlobalSection
	GlobalSection(SolutionProperties) = preSolution
		HideSolutionNode = FALSE
	EndGlobalSection
	GlobalSection(ExtensibilityGlobals) = postSolution
		SolutionGuid = {8B9DC215-42FE-42EF-A7C3-661FD2A2D514}
	EndGlobalSection
EndGlobal
